
Microsoft Visual Studio Solution File, Format Version 12.00
# Visual Studio Version 16
VisualStudioVersion = 16.0.31624.102
MinimumVisualStudioVersion = 10.0.40219.1
Project("{FAE04EC0-301F-11D3-BF4B-00C04F79EFBC}") = "DbmsProject", "DbmsProject.csproj", "{9CD96CB1-B5FD-4264-9126-95C7A0115448}"
EndProject
Global
	GlobalSection(SolutionConfigurationPlatforms) = preSolution
		Debug|Any CPU = Debug|Any CPU
		Release|Any CPU = Release|Any CPU
	EndGlobalSection
	GlobalSection(ProjectConfigurationPlatforms) = postSolution
		{9CD96CB1-B5FD-4264-9126-95C7A0115448}.Debug|Any CPU.ActiveCfg = Debug|Any CPU
		{9CD96CB1-B5FD-4264-9126-95C7A0115448}.Debug|Any CPU.Build.0 = Debug|Any CPU
		{9CD96CB1-B5FD-4264-9126-95C7A0115448}.Release|Any CPU.ActiveCfg = Release|Any CPU
		{9CD96CB1-B5FD-4264-9126-95C7A0115448}.Release|Any CPU.Build.0 = Release|Any CPU
	EndGlobalSection
	GlobalSection(SolutionProperties) = preSolution
		HideSolutionNode = FALSE
	EndGlobalSection
	GlobalSection(ExtensibilityGlobals) = postSolution
		SolutionGuid = {45BB18B2-8626-4479-B81A-A5D7C3B0888F}
	EndGlobalSection
EndGlobal
