
Microsoft Visual Studio Solution File, Format Version 12.00
# Visual Studio Version 16
VisualStudioVersion = 16.0.31515.178
MinimumVisualStudioVersion = 10.0.40219.1
Project("{9A19103F-16F7-4668-BE54-9A1E7A4F7556}") = "WEB_953506_Kryshtapovich", "WEB_953506_Kryshtapovich.csproj", "{EDEBEE57-28F1-474C-AE56-59A5E75C464E}"
EndProject
Project("{FAE04EC0-301F-11D3-BF4B-00C04F79EFBC}") = "WEB_935506_Kryshtapovich.Blazor.Server", "..\WEB_935506_Kryshtapovich.Blazor\Server\WEB_935506_Kryshtapovich.Blazor.Server.csproj", "{B441392A-BEFF-4BE7-9349-8F7CFCB33956}"
EndProject
Project("{FAE04EC0-301F-11D3-BF4B-00C04F79EFBC}") = "WEB_935506_Kryshtapovich.Blazor.Client", "..\WEB_935506_Kryshtapovich.Blazor\Client\WEB_935506_Kryshtapovich.Blazor.Client.csproj", "{A05D9ED3-5D9C-4F5F-9883-F19CBDE29E0C}"
EndProject
Project("{FAE04EC0-301F-11D3-BF4B-00C04F79EFBC}") = "WEB_935506_Kryshtapovich.Blazor.Shared", "..\WEB_935506_Kryshtapovich.Blazor\Shared\WEB_935506_Kryshtapovich.Blazor.Shared.csproj", "{D007AF7E-A8F7-4A63-87B7-D2F070795D7C}"
EndProject
Global
	GlobalSection(SolutionConfigurationPlatforms) = preSolution
		Debug|Any CPU = Debug|Any CPU
		Release|Any CPU = Release|Any CPU
	EndGlobalSection
	GlobalSection(ProjectConfigurationPlatforms) = postSolution
		{EDEBEE57-28F1-474C-AE56-59A5E75C464E}.Debug|Any CPU.ActiveCfg = Debug|Any CPU
		{EDEBEE57-28F1-474C-AE56-59A5E75C464E}.Debug|Any CPU.Build.0 = Debug|Any CPU
		{EDEBEE57-28F1-474C-AE56-59A5E75C464E}.Release|Any CPU.ActiveCfg = Release|Any CPU
		{EDEBEE57-28F1-474C-AE56-59A5E75C464E}.Release|Any CPU.Build.0 = Release|Any CPU
		{B441392A-BEFF-4BE7-9349-8F7CFCB33956}.Debug|Any CPU.ActiveCfg = Debug|Any CPU
		{B441392A-BEFF-4BE7-9349-8F7CFCB33956}.Debug|Any CPU.Build.0 = Debug|Any CPU
		{B441392A-BEFF-4BE7-9349-8F7CFCB33956}.Release|Any CPU.ActiveCfg = Release|Any CPU
		{B441392A-BEFF-4BE7-9349-8F7CFCB33956}.Release|Any CPU.Build.0 = Release|Any CPU
		{A05D9ED3-5D9C-4F5F-9883-F19CBDE29E0C}.Debug|Any CPU.ActiveCfg = Debug|Any CPU
		{A05D9ED3-5D9C-4F5F-9883-F19CBDE29E0C}.Debug|Any CPU.Build.0 = Debug|Any CPU
		{A05D9ED3-5D9C-4F5F-9883-F19CBDE29E0C}.Release|Any CPU.ActiveCfg = Release|Any CPU
		{A05D9ED3-5D9C-4F5F-9883-F19CBDE29E0C}.Release|Any CPU.Build.0 = Release|Any CPU
		{D007AF7E-A8F7-4A63-87B7-D2F070795D7C}.Debug|Any CPU.ActiveCfg = Debug|Any CPU
		{D007AF7E-A8F7-4A63-87B7-D2F070795D7C}.Debug|Any CPU.Build.0 = Debug|Any CPU
		{D007AF7E-A8F7-4A63-87B7-D2F070795D7C}.Release|Any CPU.ActiveCfg = Release|Any CPU
		{D007AF7E-A8F7-4A63-87B7-D2F070795D7C}.Release|Any CPU.Build.0 = Release|Any CPU
	EndGlobalSection
	GlobalSection(SolutionProperties) = preSolution
		HideSolutionNode = FALSE
	EndGlobalSection
	GlobalSection(ExtensibilityGlobals) = postSolution
		SolutionGuid = {95805280-1014-4FE5-8ECE-100C3F4EACA1}
	EndGlobalSection
EndGlobal
