
Microsoft Visual Studio Solution File, Format Version 12.00
# Visual Studio Version 16
VisualStudioVersion = 16.0.31702.278
MinimumVisualStudioVersion = 10.0.40219.1
Project("{8BC9CEB8-8B4A-11D0-8D11-00A0C91BC942}") = "Lab9", "Lab9.vcxproj", "{5FD1E1BC-711E-4937-AECC-70B734C5C391}"
EndProject
Global
	GlobalSection(SolutionConfigurationPlatforms) = preSolution
		Debug|x64 = Debug|x64
		Debug|x86 = Debug|x86
		Release|x64 = Release|x64
		Release|x86 = Release|x86
	EndGlobalSection
	GlobalSection(ProjectConfigurationPlatforms) = postSolution
		{5FD1E1BC-711E-4937-AECC-70B734C5C391}.Debug|x64.ActiveCfg = Debug|x64
		{5FD1E1BC-711E-4937-AECC-70B734C5C391}.Debug|x64.Build.0 = Debug|x64
		{5FD1E1BC-711E-4937-AECC-70B734C5C391}.Debug|x86.ActiveCfg = Debug|Win32
		{5FD1E1BC-711E-4937-AECC-70B734C5C391}.Debug|x86.Build.0 = Debug|Win32
		{5FD1E1BC-711E-4937-AECC-70B734C5C391}.Release|x64.ActiveCfg = Release|x64
		{5FD1E1BC-711E-4937-AECC-70B734C5C391}.Release|x64.Build.0 = Release|x64
		{5FD1E1BC-711E-4937-AECC-70B734C5C391}.Release|x86.ActiveCfg = Release|Win32
		{5FD1E1BC-711E-4937-AECC-70B734C5C391}.Release|x86.Build.0 = Release|Win32
	EndGlobalSection
	GlobalSection(SolutionProperties) = preSolution
		HideSolutionNode = FALSE
	EndGlobalSection
	GlobalSection(ExtensibilityGlobals) = postSolution
		SolutionGuid = {C97411FE-189E-4FB3-896B-2B1B12F54D7A}
	EndGlobalSection
EndGlobal
